
Microsoft Visual Studio Solution File, Format Version 12.00
# Visual Studio Version 17
VisualStudioVersion = 17.13.35913.81
MinimumVisualStudioVersion = 10.0.40219.1
Project("{FAE04EC0-301F-11D3-BF4B-00C04F79EFBC}") = "Shopify.UsersAPI", "Shopify.UsersAPI\Shopify.UsersAPI.csproj", "{AD07E236-1098-4F5E-BA07-3554586B8308}"
EndProject
Project("{FAE04EC0-301F-11D3-BF4B-00C04F79EFBC}") = "CommonExtensions", "CommonExtensions\CommonExtensions.csproj", "{0AE0690D-9CEF-4497-932E-335F7E9151AD}"
EndProject
Project("{FAE04EC0-301F-11D3-BF4B-00C04F79EFBC}") = "CommonExceptions", "CommonExceptions\CommonExceptions.csproj", "{8EBE834C-125E-38FF-E27A-6BCFA6CD933F}"
EndProject
Project("{FAE04EC0-301F-11D3-BF4B-00C04F79EFBC}") = "CommonFilters", "CommonFilters\CommonFilters.csproj", "{6B30E286-A862-C78D-EC3F-46E3A022FA49}"
EndProject
Project("{FAE04EC0-301F-11D3-BF4B-00C04F79EFBC}") = "Shopify.AppHost", "Shopify.AppHost\Shopify.AppHost.csproj", "{A7CAD1DE-FD41-4AA2-8D57-51E7998BFC4D}"
EndProject
Project("{FAE04EC0-301F-11D3-BF4B-00C04F79EFBC}") = "Shopify.ServiceDefaults", "Shopify.ServiceDefaults\Shopify.ServiceDefaults.csproj", "{63A77AA1-D025-8EC2-4BE2-34F27FDD8EBC}"
EndProject
Global
	GlobalSection(SolutionConfigurationPlatforms) = preSolution
		Debug|Any CPU = Debug|Any CPU
		Release|Any CPU = Release|Any CPU
	EndGlobalSection
	GlobalSection(ProjectConfigurationPlatforms) = postSolution
		{AD07E236-1098-4F5E-BA07-3554586B8308}.Debug|Any CPU.ActiveCfg = Debug|Any CPU
		{AD07E236-1098-4F5E-BA07-3554586B8308}.Debug|Any CPU.Build.0 = Debug|Any CPU
		{AD07E236-1098-4F5E-BA07-3554586B8308}.Release|Any CPU.ActiveCfg = Release|Any CPU
		{AD07E236-1098-4F5E-BA07-3554586B8308}.Release|Any CPU.Build.0 = Release|Any CPU
		{0AE0690D-9CEF-4497-932E-335F7E9151AD}.Debug|Any CPU.ActiveCfg = Debug|Any CPU
		{0AE0690D-9CEF-4497-932E-335F7E9151AD}.Debug|Any CPU.Build.0 = Debug|Any CPU
		{0AE0690D-9CEF-4497-932E-335F7E9151AD}.Release|Any CPU.ActiveCfg = Release|Any CPU
		{0AE0690D-9CEF-4497-932E-335F7E9151AD}.Release|Any CPU.Build.0 = Release|Any CPU
		{8EBE834C-125E-38FF-E27A-6BCFA6CD933F}.Debug|Any CPU.ActiveCfg = Debug|Any CPU
		{8EBE834C-125E-38FF-E27A-6BCFA6CD933F}.Debug|Any CPU.Build.0 = Debug|Any CPU
		{8EBE834C-125E-38FF-E27A-6BCFA6CD933F}.Release|Any CPU.ActiveCfg = Release|Any CPU
		{8EBE834C-125E-38FF-E27A-6BCFA6CD933F}.Release|Any CPU.Build.0 = Release|Any CPU
		{6B30E286-A862-C78D-EC3F-46E3A022FA49}.Debug|Any CPU.ActiveCfg = Debug|Any CPU
		{6B30E286-A862-C78D-EC3F-46E3A022FA49}.Debug|Any CPU.Build.0 = Debug|Any CPU
		{6B30E286-A862-C78D-EC3F-46E3A022FA49}.Release|Any CPU.ActiveCfg = Release|Any CPU
		{6B30E286-A862-C78D-EC3F-46E3A022FA49}.Release|Any CPU.Build.0 = Release|Any CPU
		{A7CAD1DE-FD41-4AA2-8D57-51E7998BFC4D}.Debug|Any CPU.ActiveCfg = Debug|Any CPU
		{A7CAD1DE-FD41-4AA2-8D57-51E7998BFC4D}.Debug|Any CPU.Build.0 = Debug|Any CPU
		{A7CAD1DE-FD41-4AA2-8D57-51E7998BFC4D}.Release|Any CPU.ActiveCfg = Release|Any CPU
		{A7CAD1DE-FD41-4AA2-8D57-51E7998BFC4D}.Release|Any CPU.Build.0 = Release|Any CPU
		{63A77AA1-D025-8EC2-4BE2-34F27FDD8EBC}.Debug|Any CPU.ActiveCfg = Debug|Any CPU
		{63A77AA1-D025-8EC2-4BE2-34F27FDD8EBC}.Debug|Any CPU.Build.0 = Debug|Any CPU
		{63A77AA1-D025-8EC2-4BE2-34F27FDD8EBC}.Release|Any CPU.ActiveCfg = Release|Any CPU
		{63A77AA1-D025-8EC2-4BE2-34F27FDD8EBC}.Release|Any CPU.Build.0 = Release|Any CPU
	EndGlobalSection
	GlobalSection(SolutionProperties) = preSolution
		HideSolutionNode = FALSE
	EndGlobalSection
	GlobalSection(ExtensibilityGlobals) = postSolution
		SolutionGuid = {EBCB491E-B8CA-4882-B255-0CDB3504E02A}
	EndGlobalSection
EndGlobal
